// !$*UTF8*$!
{
	archiveVersion = 1;
	classes = {
	};
	objectVersion = 55;
	objects = {

/* Begin PBXBuildFile section */
		02055F1927832612005EB5D1 /* CoinDataService.swift in Sources */ = {isa = PBXBuildFile; fileRef = 02055F1827832612005EB5D1 /* CoinDataService.swift */; };
		02422CE82780FF2D00A58341 /* CryptoWallet2App.swift in Sources */ = {isa = PBXBuildFile; fileRef = 02422CE72780FF2D00A58341 /* CryptoWallet2App.swift */; };
		02422CEA2780FF2D00A58341 /* HomeView.swift in Sources */ = {isa = PBXBuildFile; fileRef = 02422CE92780FF2D00A58341 /* HomeView.swift */; };
		02422CEC2780FF2E00A58341 /* Assets.xcassets in Resources */ = {isa = PBXBuildFile; fileRef = 02422CEB2780FF2E00A58341 /* Assets.xcassets */; };
		02422CEF2780FF2E00A58341 /* Preview Assets.xcassets in Resources */ = {isa = PBXBuildFile; fileRef = 02422CEE2780FF2E00A58341 /* Preview Assets.xcassets */; };
		02422D172781B7A900A58341 /* Color.swift in Sources */ = {isa = PBXBuildFile; fileRef = 02422D162781B7A900A58341 /* Color.swift */; };
		025060E22781BF7C0073C2BD /* CircleButtonView.swift in Sources */ = {isa = PBXBuildFile; fileRef = 025060E12781BF7C0073C2BD /* CircleButtonView.swift */; };
		025060E42781C22B0073C2BD /* CircleButtonAnimationView.swift in Sources */ = {isa = PBXBuildFile; fileRef = 025060E32781C22B0073C2BD /* CircleButtonAnimationView.swift */; };
		025060EA2781F8D00073C2BD /* Coin.swift in Sources */ = {isa = PBXBuildFile; fileRef = 025060E92781F8D00073C2BD /* Coin.swift */; };
		025060EE2781FA890073C2BD /* PreviewProvider.swift in Sources */ = {isa = PBXBuildFile; fileRef = 025060ED2781FA880073C2BD /* PreviewProvider.swift */; };
		025060F32781FB9F0073C2BD /* CoinRowView.swift in Sources */ = {isa = PBXBuildFile; fileRef = 025060F22781FB9F0073C2BD /* CoinRowView.swift */; };
		025060F52781FCEB0073C2BD /* Double.swift in Sources */ = {isa = PBXBuildFile; fileRef = 025060F42781FCEB0073C2BD /* Double.swift */; };
		025060FF2782133E0073C2BD /* HomeViewModel.swift in Sources */ = {isa = PBXBuildFile; fileRef = 025060FE2782133E0073C2BD /* HomeViewModel.swift */; };
		0280B74A2785B3C400F5DC36 /* NetworkingManager.swift in Sources */ = {isa = PBXBuildFile; fileRef = 0280B7492785B3C400F5DC36 /* NetworkingManager.swift */; };
		0280B74C2785B65100F5DC36 /* NetworkingError.swift in Sources */ = {isa = PBXBuildFile; fileRef = 0280B74B2785B65100F5DC36 /* NetworkingError.swift */; };
		0280B7522785DC3800F5DC36 /* CoinImageView.swift in Sources */ = {isa = PBXBuildFile; fileRef = 0280B7512785DC3800F5DC36 /* CoinImageView.swift */; };
		0280B7542785DD2A00F5DC36 /* CoinImageService.swift in Sources */ = {isa = PBXBuildFile; fileRef = 0280B7532785DD2A00F5DC36 /* CoinImageService.swift */; };
		0280B7572785DE1700F5DC36 /* CoinImageViewModel.swift in Sources */ = {isa = PBXBuildFile; fileRef = 0280B7562785DE1700F5DC36 /* CoinImageViewModel.swift */; };
/* End PBXBuildFile section */

/* Begin PBXFileReference section */
		02055F1827832612005EB5D1 /* CoinDataService.swift */ = {isa = PBXFileReference; lastKnownFileType = sourcecode.swift; path = CoinDataService.swift; sourceTree = "<group>"; };
		02422CE42780FF2D00A58341 /* CryptoWallet2.app */ = {isa = PBXFileReference; explicitFileType = wrapper.application; includeInIndex = 0; path = CryptoWallet2.app; sourceTree = BUILT_PRODUCTS_DIR; };
		02422CE72780FF2D00A58341 /* CryptoWallet2App.swift */ = {isa = PBXFileReference; lastKnownFileType = sourcecode.swift; path = CryptoWallet2App.swift; sourceTree = "<group>"; };
		02422CE92780FF2D00A58341 /* HomeView.swift */ = {isa = PBXFileReference; lastKnownFileType = sourcecode.swift; path = HomeView.swift; sourceTree = "<group>"; };
		02422CEB2780FF2E00A58341 /* Assets.xcassets */ = {isa = PBXFileReference; lastKnownFileType = folder.assetcatalog; path = Assets.xcassets; sourceTree = "<group>"; };
		02422CEE2780FF2E00A58341 /* Preview Assets.xcassets */ = {isa = PBXFileReference; lastKnownFileType = folder.assetcatalog; path = "Preview Assets.xcassets"; sourceTree = "<group>"; };
		02422D162781B7A900A58341 /* Color.swift */ = {isa = PBXFileReference; lastKnownFileType = sourcecode.swift; path = Color.swift; sourceTree = "<group>"; };
		025060E12781BF7C0073C2BD /* CircleButtonView.swift */ = {isa = PBXFileReference; lastKnownFileType = sourcecode.swift; path = CircleButtonView.swift; sourceTree = "<group>"; };
		025060E32781C22B0073C2BD /* CircleButtonAnimationView.swift */ = {isa = PBXFileReference; lastKnownFileType = sourcecode.swift; path = CircleButtonAnimationView.swift; sourceTree = "<group>"; };
		025060E92781F8D00073C2BD /* Coin.swift */ = {isa = PBXFileReference; lastKnownFileType = sourcecode.swift; path = Coin.swift; sourceTree = "<group>"; };
		025060ED2781FA880073C2BD /* PreviewProvider.swift */ = {isa = PBXFileReference; lastKnownFileType = sourcecode.swift; path = PreviewProvider.swift; sourceTree = "<group>"; };
		025060F22781FB9F0073C2BD /* CoinRowView.swift */ = {isa = PBXFileReference; lastKnownFileType = sourcecode.swift; path = CoinRowView.swift; sourceTree = "<group>"; };
		025060F42781FCEB0073C2BD /* Double.swift */ = {isa = PBXFileReference; lastKnownFileType = sourcecode.swift; path = Double.swift; sourceTree = "<group>"; };
		025060FE2782133E0073C2BD /* HomeViewModel.swift */ = {isa = PBXFileReference; lastKnownFileType = sourcecode.swift; path = HomeViewModel.swift; sourceTree = "<group>"; };
		0280B7492785B3C400F5DC36 /* NetworkingManager.swift */ = {isa = PBXFileReference; lastKnownFileType = sourcecode.swift; path = NetworkingManager.swift; sourceTree = "<group>"; };
		0280B74B2785B65100F5DC36 /* NetworkingError.swift */ = {isa = PBXFileReference; lastKnownFileType = sourcecode.swift; path = NetworkingError.swift; sourceTree = "<group>"; };
		0280B7512785DC3800F5DC36 /* CoinImageView.swift */ = {isa = PBXFileReference; lastKnownFileType = sourcecode.swift; path = CoinImageView.swift; sourceTree = "<group>"; };
		0280B7532785DD2A00F5DC36 /* CoinImageService.swift */ = {isa = PBXFileReference; lastKnownFileType = sourcecode.swift; path = CoinImageService.swift; sourceTree = "<group>"; };
		0280B7562785DE1700F5DC36 /* CoinImageViewModel.swift */ = {isa = PBXFileReference; lastKnownFileType = sourcecode.swift; path = CoinImageViewModel.swift; sourceTree = "<group>"; };
/* End PBXFileReference section */

/* Begin PBXFrameworksBuildPhase section */
		02422CE12780FF2D00A58341 /* Frameworks */ = {
			isa = PBXFrameworksBuildPhase;
			buildActionMask = 2147483647;
			files = (
			);
			runOnlyForDeploymentPostprocessing = 0;
		};
/* End PBXFrameworksBuildPhase section */

/* Begin PBXGroup section */
		02055F1727832606005EB5D1 /* Networking */ = {
			isa = PBXGroup;
			children = (
				02055F1827832612005EB5D1 /* CoinDataService.swift */,
				0280B7532785DD2A00F5DC36 /* CoinImageService.swift */,
			);
			path = Networking;
			sourceTree = "<group>";
		};
		02422CDB2780FF2D00A58341 = {
			isa = PBXGroup;
			children = (
				02422CE62780FF2D00A58341 /* CryptoWallet2 */,
				02422CE52780FF2D00A58341 /* Products */,
			);
			sourceTree = "<group>";
		};
		02422CE52780FF2D00A58341 /* Products */ = {
			isa = PBXGroup;
			children = (
				02422CE42780FF2D00A58341 /* CryptoWallet2.app */,
			);
			name = Products;
			sourceTree = "<group>";
		};
		02422CE62780FF2D00A58341 /* CryptoWallet2 */ = {
			isa = PBXGroup;
			children = (
				02422CE72780FF2D00A58341 /* CryptoWallet2App.swift */,
				02055F1727832606005EB5D1 /* Networking */,
				025060DD2781BE710073C2BD /* Home */,
				025060E82781F8A70073C2BD /* Models */,
				0280B7482785B3B000F5DC36 /* Helpers */,
				02422D152781B79D00A58341 /* Extensions */,
				02422CEB2780FF2E00A58341 /* Assets.xcassets */,
				02422CED2780FF2E00A58341 /* Preview Content */,
			);
			path = CryptoWallet2;
			sourceTree = "<group>";
		};
		02422CED2780FF2E00A58341 /* Preview Content */ = {
			isa = PBXGroup;
			children = (
				02422CEE2780FF2E00A58341 /* Preview Assets.xcassets */,
			);
			path = "Preview Content";
			sourceTree = "<group>";
		};
		02422D152781B79D00A58341 /* Extensions */ = {
			isa = PBXGroup;
			children = (
				02422D162781B7A900A58341 /* Color.swift */,
				025060F42781FCEB0073C2BD /* Double.swift */,
				025060ED2781FA880073C2BD /* PreviewProvider.swift */,
			);
			path = Extensions;
			sourceTree = "<group>";
		};
		025060DD2781BE710073C2BD /* Home */ = {
			isa = PBXGroup;
			children = (
				025060E02781BF660073C2BD /* Components */,
				025060DF2781BE9B0073C2BD /* ViewModel */,
				025060DE2781BE8C0073C2BD /* View */,
			);
			path = Home;
			sourceTree = "<group>";
		};
		025060DE2781BE8C0073C2BD /* View */ = {
			isa = PBXGroup;
			children = (
				02422CE92780FF2D00A58341 /* HomeView.swift */,
			);
			path = View;
			sourceTree = "<group>";
		};
		025060DF2781BE9B0073C2BD /* ViewModel */ = {
			isa = PBXGroup;
			children = (
				025060FE2782133E0073C2BD /* HomeViewModel.swift */,
			);
			path = ViewModel;
			sourceTree = "<group>";
		};
		025060E02781BF660073C2BD /* Components */ = {
			isa = PBXGroup;
			children = (
				0280B7552785DE0A00F5DC36 /* CoinImage */,
				025060E12781BF7C0073C2BD /* CircleButtonView.swift */,
				025060E32781C22B0073C2BD /* CircleButtonAnimationView.swift */,
				025060F22781FB9F0073C2BD /* CoinRowView.swift */,
			);
			path = Components;
			sourceTree = "<group>";
		};
		025060E82781F8A70073C2BD /* Models */ = {
			isa = PBXGroup;
			children = (
				025060E92781F8D00073C2BD /* Coin.swift */,
				0280B74B2785B65100F5DC36 /* NetworkingError.swift */,
			);
			path = Models;
			sourceTree = "<group>";
		};
		0280B7482785B3B000F5DC36 /* Helpers */ = {
			isa = PBXGroup;
			children = (
				0280B7492785B3C400F5DC36 /* NetworkingManager.swift */,
			);
			path = Helpers;
			sourceTree = "<group>";
		};
		0280B7552785DE0A00F5DC36 /* CoinImage */ = {
			isa = PBXGroup;
			children = (
				0280B7512785DC3800F5DC36 /* CoinImageView.swift */,
				0280B7562785DE1700F5DC36 /* CoinImageViewModel.swift */,
			);
			path = CoinImage;
			sourceTree = "<group>";
		};
/* End PBXGroup section */

/* Begin PBXNativeTarget section */
		02422CE32780FF2D00A58341 /* CryptoWallet2 */ = {
			isa = PBXNativeTarget;
			buildConfigurationList = 02422CF22780FF2E00A58341 /* Build configuration list for PBXNativeTarget "CryptoWallet2" */;
			buildPhases = (
				02422CE02780FF2D00A58341 /* Sources */,
				02422CE12780FF2D00A58341 /* Frameworks */,
				02422CE22780FF2D00A58341 /* Resources */,
			);
			buildRules = (
			);
			dependencies = (
			);
			name = CryptoWallet2;
			productName = CryptoWallet2;
			productReference = 02422CE42780FF2D00A58341 /* CryptoWallet2.app */;
			productType = "com.apple.product-type.application";
		};
/* End PBXNativeTarget section */

/* Begin PBXProject section */
		02422CDC2780FF2D00A58341 /* Project object */ = {
			isa = PBXProject;
			attributes = {
				BuildIndependentTargetsInParallel = 1;
				LastSwiftUpdateCheck = 1320;
				LastUpgradeCheck = 1320;
				TargetAttributes = {
					02422CE32780FF2D00A58341 = {
						CreatedOnToolsVersion = 13.2.1;
					};
				};
			};
			buildConfigurationList = 02422CDF2780FF2D00A58341 /* Build configuration list for PBXProject "CryptoWallet2" */;
			compatibilityVersion = "Xcode 13.0";
			developmentRegion = en;
			hasScannedForEncodings = 0;
			knownRegions = (
				en,
				Base,
			);
			mainGroup = 02422CDB2780FF2D00A58341;
			productRefGroup = 02422CE52780FF2D00A58341 /* Products */;
			projectDirPath = "";
			projectRoot = "";
			targets = (
				02422CE32780FF2D00A58341 /* CryptoWallet2 */,
			);
		};
/* End PBXProject section */

/* Begin PBXResourcesBuildPhase section */
		02422CE22780FF2D00A58341 /* Resources */ = {
			isa = PBXResourcesBuildPhase;
			buildActionMask = 2147483647;
			files = (
				02422CEF2780FF2E00A58341 /* Preview Assets.xcassets in Resources */,
				02422CEC2780FF2E00A58341 /* Assets.xcassets in Resources */,
			);
			runOnlyForDeploymentPostprocessing = 0;
		};
/* End PBXResourcesBuildPhase section */

/* Begin PBXSourcesBuildPhase section */
		02422CE02780FF2D00A58341 /* Sources */ = {
			isa = PBXSourcesBuildPhase;
			buildActionMask = 2147483647;
			files = (
				025060F32781FB9F0073C2BD /* CoinRowView.swift in Sources */,
				025060EA2781F8D00073C2BD /* Coin.swift in Sources */,
				02422CEA2780FF2D00A58341 /* HomeView.swift in Sources */,
				025060FF2782133E0073C2BD /* HomeViewModel.swift in Sources */,
				02422CE82780FF2D00A58341 /* CryptoWallet2App.swift in Sources */,
				0280B7522785DC3800F5DC36 /* CoinImageView.swift in Sources */,
				0280B74C2785B65100F5DC36 /* NetworkingError.swift in Sources */,
				025060E42781C22B0073C2BD /* CircleButtonAnimationView.swift in Sources */,
				025060E22781BF7C0073C2BD /* CircleButtonView.swift in Sources */,
				025060EE2781FA890073C2BD /* PreviewProvider.swift in Sources */,
				025060F52781FCEB0073C2BD /* Double.swift in Sources */,
				0280B7572785DE1700F5DC36 /* CoinImageViewModel.swift in Sources */,
				0280B74A2785B3C400F5DC36 /* NetworkingManager.swift in Sources */,
				02422D172781B7A900A58341 /* Color.swift in Sources */,
				0280B7542785DD2A00F5DC36 /* CoinImageService.swift in Sources */,
				02055F1927832612005EB5D1 /* CoinDataService.swift in Sources */,
			);
			runOnlyForDeploymentPostprocessing = 0;
		};
/* End PBXSourcesBuildPhase section */

/* Begin XCBuildConfiguration section */
		02422CF02780FF2E00A58341 /* Debug */ = {
			isa = XCBuildConfiguration;
			buildSettings = {
				ALWAYS_SEARCH_USER_PATHS = NO;
				CLANG_ANALYZER_NONNULL = YES;
				CLANG_ANALYZER_NUMBER_OBJECT_CONVERSION = YES_AGGRESSIVE;
				CLANG_CXX_LANGUAGE_STANDARD = "gnu++17";
				CLANG_CXX_LIBRARY = "libc++";
				CLANG_ENABLE_MODULES = YES;
				CLANG_ENABLE_OBJC_ARC = YES;
				CLANG_ENABLE_OBJC_WEAK = YES;
				CLANG_WARN_BLOCK_CAPTURE_AUTORELEASING = YES;
				CLANG_WARN_BOOL_CONVERSION = YES;
				CLANG_WARN_COMMA = YES;
				CLANG_WARN_CONSTANT_CONVERSION = YES;
				CLANG_WARN_DEPRECATED_OBJC_IMPLEMENTATIONS = YES;
				CLANG_WARN_DIRECT_OBJC_ISA_USAGE = YES_ERROR;
				CLANG_WARN_DOCUMENTATION_COMMENTS = YES;
				CLANG_WARN_EMPTY_BODY = YES;
				CLANG_WARN_ENUM_CONVERSION = YES;
				CLANG_WARN_INFINITE_RECURSION = YES;
				CLANG_WARN_INT_CONVERSION = YES;
				CLANG_WARN_NON_LITERAL_NULL_CONVERSION = YES;
				CLANG_WARN_OBJC_IMPLICIT_RETAIN_SELF = YES;
				CLANG_WARN_OBJC_LITERAL_CONVERSION = YES;
				CLANG_WARN_OBJC_ROOT_CLASS = YES_ERROR;
				CLANG_WARN_QUOTED_INCLUDE_IN_FRAMEWORK_HEADER = YES;
				CLANG_WARN_RANGE_LOOP_ANALYSIS = YES;
				CLANG_WARN_STRICT_PROTOTYPES = YES;
				CLANG_WARN_SUSPICIOUS_MOVE = YES;
				CLANG_WARN_UNGUARDED_AVAILABILITY = YES_AGGRESSIVE;
				CLANG_WARN_UNREACHABLE_CODE = YES;
				CLANG_WARN__DUPLICATE_METHOD_MATCH = YES;
				COPY_PHASE_STRIP = NO;
				DEBUG_INFORMATION_FORMAT = dwarf;
				ENABLE_STRICT_OBJC_MSGSEND = YES;
				ENABLE_TESTABILITY = YES;
				GCC_C_LANGUAGE_STANDARD = gnu11;
				GCC_DYNAMIC_NO_PIC = NO;
				GCC_NO_COMMON_BLOCKS = YES;
				GCC_OPTIMIZATION_LEVEL = 0;
				GCC_PREPROCESSOR_DEFINITIONS = (
					"DEBUG=1",
					"$(inherited)",
				);
				GCC_WARN_64_TO_32_BIT_CONVERSION = YES;
				GCC_WARN_ABOUT_RETURN_TYPE = YES_ERROR;
				GCC_WARN_UNDECLARED_SELECTOR = YES;
				GCC_WARN_UNINITIALIZED_AUTOS = YES_AGGRESSIVE;
				GCC_WARN_UNUSED_FUNCTION = YES;
				GCC_WARN_UNUSED_VARIABLE = YES;
				IPHONEOS_DEPLOYMENT_TARGET = 15.2;
				MTL_ENABLE_DEBUG_INFO = INCLUDE_SOURCE;
				MTL_FAST_MATH = YES;
				ONLY_ACTIVE_ARCH = YES;
				SDKROOT = iphoneos;
				SWIFT_ACTIVE_COMPILATION_CONDITIONS = DEBUG;
				SWIFT_OPTIMIZATION_LEVEL = "-Onone";
			};
			name = Debug;
		};
		02422CF12780FF2E00A58341 /* Release */ = {
			isa = XCBuildConfiguration;
			buildSettings = {
				ALWAYS_SEARCH_USER_PATHS = NO;
				CLANG_ANALYZER_NONNULL = YES;
				CLANG_ANALYZER_NUMBER_OBJECT_CONVERSION = YES_AGGRESSIVE;
				CLANG_CXX_LANGUAGE_STANDARD = "gnu++17";
				CLANG_CXX_LIBRARY = "libc++";
				CLANG_ENABLE_MODULES = YES;
				CLANG_ENABLE_OBJC_ARC = YES;
				CLANG_ENABLE_OBJC_WEAK = YES;
				CLANG_WARN_BLOCK_CAPTURE_AUTORELEASING = YES;
				CLANG_WARN_BOOL_CONVERSION = YES;
				CLANG_WARN_COMMA = YES;
				CLANG_WARN_CONSTANT_CONVERSION = YES;
				CLANG_WARN_DEPRECATED_OBJC_IMPLEMENTATIONS = YES;
				CLANG_WARN_DIRECT_OBJC_ISA_USAGE = YES_ERROR;
				CLANG_WARN_DOCUMENTATION_COMMENTS = YES;
				CLANG_WARN_EMPTY_BODY = YES;
				CLANG_WARN_ENUM_CONVERSION = YES;
				CLANG_WARN_INFINITE_RECURSION = YES;
				CLANG_WARN_INT_CONVERSION = YES;
				CLANG_WARN_NON_LITERAL_NULL_CONVERSION = YES;
				CLANG_WARN_OBJC_IMPLICIT_RETAIN_SELF = YES;
				CLANG_WARN_OBJC_LITERAL_CONVERSION = YES;
				CLANG_WARN_OBJC_ROOT_CLASS = YES_ERROR;
				CLANG_WARN_QUOTED_INCLUDE_IN_FRAMEWORK_HEADER = YES;
				CLANG_WARN_RANGE_LOOP_ANALYSIS = YES;
				CLANG_WARN_STRICT_PROTOTYPES = YES;
				CLANG_WARN_SUSPICIOUS_MOVE = YES;
				CLANG_WARN_UNGUARDED_AVAILABILITY = YES_AGGRESSIVE;
				CLANG_WARN_UNREACHABLE_CODE = YES;
				CLANG_WARN__DUPLICATE_METHOD_MATCH = YES;
				COPY_PHASE_STRIP = NO;
				DEBUG_INFORMATION_FORMAT = "dwarf-with-dsym";
				ENABLE_NS_ASSERTIONS = NO;
				ENABLE_STRICT_OBJC_MSGSEND = YES;
				GCC_C_LANGUAGE_STANDARD = gnu11;
				GCC_NO_COMMON_BLOCKS = YES;
				GCC_WARN_64_TO_32_BIT_CONVERSION = YES;
				GCC_WARN_ABOUT_RETURN_TYPE = YES_ERROR;
				GCC_WARN_UNDECLARED_SELECTOR = YES;
				GCC_WARN_UNINITIALIZED_AUTOS = YES_AGGRESSIVE;
				GCC_WARN_UNUSED_FUNCTION = YES;
				GCC_WARN_UNUSED_VARIABLE = YES;
				IPHONEOS_DEPLOYMENT_TARGET = 15.2;
				MTL_ENABLE_DEBUG_INFO = NO;
				MTL_FAST_MATH = YES;
				SDKROOT = iphoneos;
				SWIFT_COMPILATION_MODE = wholemodule;
				SWIFT_OPTIMIZATION_LEVEL = "-O";
				VALIDATE_PRODUCT = YES;
			};
			name = Release;
		};
		02422CF32780FF2E00A58341 /* Debug */ = {
			isa = XCBuildConfiguration;
			buildSettings = {
				ASSETCATALOG_COMPILER_APPICON_NAME = AppIcon;
				ASSETCATALOG_COMPILER_GLOBAL_ACCENT_COLOR_NAME = AccentColor;
				CODE_SIGN_STYLE = Automatic;
				CURRENT_PROJECT_VERSION = 1;
				DEVELOPMENT_ASSET_PATHS = "\"CryptoWallet2/Preview Content\"";
				DEVELOPMENT_TEAM = SAY4Y2DWXX;
				ENABLE_PREVIEWS = YES;
				GENERATE_INFOPLIST_FILE = YES;
				INFOPLIST_KEY_UIApplicationSceneManifest_Generation = YES;
				INFOPLIST_KEY_UIApplicationSupportsIndirectInputEvents = YES;
				INFOPLIST_KEY_UILaunchScreen_Generation = YES;
				INFOPLIST_KEY_UISupportedInterfaceOrientations = UIInterfaceOrientationPortrait;
				INFOPLIST_KEY_UISupportedInterfaceOrientations_iPad = "UIInterfaceOrientationPortrait UIInterfaceOrientationPortraitUpsideDown UIInterfaceOrientationLandscapeLeft UIInterfaceOrientationLandscapeRight";
				INFOPLIST_KEY_UISupportedInterfaceOrientations_iPhone = "UIInterfaceOrientationPortrait UIInterfaceOrientationLandscapeLeft UIInterfaceOrientationLandscapeRight";
				IPHONEOS_DEPLOYMENT_TARGET = 14.0;
				LD_RUNPATH_SEARCH_PATHS = (
					"$(inherited)",
					"@executable_path/Frameworks",
				);
				MARKETING_VERSION = 1.0;
				PRODUCT_BUNDLE_IDENTIFIER = com.tengizov.CryptoWallet2;
				PRODUCT_NAME = "$(TARGET_NAME)";
				SWIFT_EMIT_LOC_STRINGS = YES;
				SWIFT_VERSION = 5.0;
				TARGETED_DEVICE_FAMILY = 1;
			};
			name = Debug;
		};
		02422CF42780FF2E00A58341 /* Release */ = {
			isa = XCBuildConfiguration;
			buildSettings = {
				ASSETCATALOG_COMPILER_APPICON_NAME = AppIcon;
				ASSETCATALOG_COMPILER_GLOBAL_ACCENT_COLOR_NAME = AccentColor;
				CODE_SIGN_STYLE = Automatic;
				CURRENT_PROJECT_VERSION = 1;
				DEVELOPMENT_ASSET_PATHS = "\"CryptoWallet2/Preview Content\"";
				DEVELOPMENT_TEAM = SAY4Y2DWXX;
				ENABLE_PREVIEWS = YES;
				GENERATE_INFOPLIST_FILE = YES;
				INFOPLIST_KEY_UIApplicationSceneManifest_Generation = YES;
				INFOPLIST_KEY_UIApplicationSupportsIndirectInputEvents = YES;
				INFOPLIST_KEY_UILaunchScreen_Generation = YES;
				INFOPLIST_KEY_UISupportedInterfaceOrientations = UIInterfaceOrientationPortrait;
				INFOPLIST_KEY_UISupportedInterfaceOrientations_iPad = "UIInterfaceOrientationPortrait UIInterfaceOrientationPortraitUpsideDown UIInterfaceOrientationLandscapeLeft UIInterfaceOrientationLandscapeRight";
				INFOPLIST_KEY_UISupportedInterfaceOrientations_iPhone = "UIInterfaceOrientationPortrait UIInterfaceOrientationLandscapeLeft UIInterfaceOrientationLandscapeRight";
				IPHONEOS_DEPLOYMENT_TARGET = 14.0;
				LD_RUNPATH_SEARCH_PATHS = (
					"$(inherited)",
					"@executable_path/Frameworks",
				);
				MARKETING_VERSION = 1.0;
				PRODUCT_BUNDLE_IDENTIFIER = com.tengizov.CryptoWallet2;
				PRODUCT_NAME = "$(TARGET_NAME)";
				SWIFT_EMIT_LOC_STRINGS = YES;
				SWIFT_VERSION = 5.0;
				TARGETED_DEVICE_FAMILY = 1;
			};
			name = Release;
		};
/* End XCBuildConfiguration section */

/* Begin XCConfigurationList section */
		02422CDF2780FF2D00A58341 /* Build configuration list for PBXProject "CryptoWallet2" */ = {
			isa = XCConfigurationList;
			buildConfigurations = (
				02422CF02780FF2E00A58341 /* Debug */,
				02422CF12780FF2E00A58341 /* Release */,
			);
			defaultConfigurationIsVisible = 0;
			defaultConfigurationName = Release;
		};
		02422CF22780FF2E00A58341 /* Build configuration list for PBXNativeTarget "CryptoWallet2" */ = {
			isa = XCConfigurationList;
			buildConfigurations = (
				02422CF32780FF2E00A58341 /* Debug */,
				02422CF42780FF2E00A58341 /* Release */,
			);
			defaultConfigurationIsVisible = 0;
			defaultConfigurationName = Release;
		};
/* End XCConfigurationList section */
	};
	rootObject = 02422CDC2780FF2D00A58341 /* Project object */;
}
